schema_version=neuroface_h200_environment_v1
base_image=python:3.10.2-bullseye
base_image_digest=sha256:122cd2f55639e0d2e1d191b7cccb720c0ece586e2b4e8ab5fd98cc6bcad03a25
built_image_id=sha256:ef3d36d1d7384f88a816949b7a3d6a8ee9b7daa93462133ea33ca673e8d3b3cc
python=3.10.2
platform=linux_x86_64
absl-py==2.5.0
certifi==2026.7.22
cffi==2.1.1
contourpy==1.3.2
cycler==0.12.1
flatbuffers==25.12.19
fonttools==4.63.0
joblib==1.5.3
kiwisolver==1.5.0
matplotlib==3.10.9
mediapipe==0.10.35
numpy==1.26.4
opencv-contrib-python==4.11.0.86
packaging==26.3
pillow==12.3.0
pycparser==3.0
pyparsing==3.3.2
python-dateutil==2.9.0.post0
scikit-learn==1.6.1
scipy==1.13.1
six==1.17.0
sounddevice==0.5.5
threadpoolctl==3.6.0
